// !$*UTF8*$!
{
	archiveVersion = 1;
	classes = {
	};
	objectVersion = 50;
	objects = {

/* Begin PBXBuildFile section */
		BF91BE5A24FAB00400F2896B /* Example.swift in Sources */ = {isa = PBXBuildFile; fileRef = BF91BE5924FAB00400F2896B /* Example.swift */; };
		BF9772BF24F957DA008CD5F3 /* KaleidoscopicGridApp.swift in Sources */ = {isa = PBXBuildFile; fileRef = BF9772BE24F957DA008CD5F3 /* KaleidoscopicGridApp.swift */; };
		BF9772C324F957DB008CD5F3 /* Assets.xcassets in Resources */ = {isa = PBXBuildFile; fileRef = BF9772C224F957DB008CD5F3 /* Assets.xcassets */; };
		BF9772C624F957DB008CD5F3 /* Preview Assets.xcassets in Resources */ = {isa = PBXBuildFile; fileRef = BF9772C524F957DB008CD5F3 /* Preview Assets.xcassets */; };
		BF9772D124F957DC008CD5F3 /* KaleidoscopicGridTests.swift in Sources */ = {isa = PBXBuildFile; fileRef = BF9772D024F957DC008CD5F3 /* KaleidoscopicGridTests.swift */; };
		BF9772DC24F957DC008CD5F3 /* KaleidoscopicGridUITests.swift in Sources */ = {isa = PBXBuildFile; fileRef = BF9772DB24F957DC008CD5F3 /* KaleidoscopicGridUITests.swift */; };
		BF9772EA24F95844008CD5F3 /* GridView.swift in Sources */ = {isa = PBXBuildFile; fileRef = BF9772E924F95844008CD5F3 /* GridView.swift */; };
/* End PBXBuildFile section */

/* Begin PBXContainerItemProxy section */
		BF9772CD24F957DC008CD5F3 /* PBXContainerItemProxy */ = {
			isa = PBXContainerItemProxy;
			containerPortal = BF9772B324F957DA008CD5F3 /* Project object */;
			proxyType = 1;
			remoteGlobalIDString = BF9772BA24F957DA008CD5F3;
			remoteInfo = KaleidoscopicGrid;
		};
		BF9772D824F957DC008CD5F3 /* PBXContainerItemProxy */ = {
			isa = PBXContainerItemProxy;
			containerPortal = BF9772B324F957DA008CD5F3 /* Project object */;
			proxyType = 1;
			remoteGlobalIDString = BF9772BA24F957DA008CD5F3;
			remoteInfo = KaleidoscopicGrid;
		};
/* End PBXContainerItemProxy section */

/* Begin PBXFileReference section */
		BF91BE5924FAB00400F2896B /* Example.swift */ = {isa = PBXFileReference; lastKnownFileType = sourcecode.swift; path = Example.swift; sourceTree = "<group>"; };
		BF9772BB24F957DA008CD5F3 /* KaleidoscopicGrid.app */ = {isa = PBXFileReference; explicitFileType = wrapper.application; includeInIndex = 0; path = KaleidoscopicGrid.app; sourceTree = BUILT_PRODUCTS_DIR; };
		BF9772BE24F957DA008CD5F3 /* KaleidoscopicGridApp.swift */ = {isa = PBXFileReference; lastKnownFileType = sourcecode.swift; path = KaleidoscopicGridApp.swift; sourceTree = "<group>"; };
		BF9772C224F957DB008CD5F3 /* Assets.xcassets */ = {isa = PBXFileReference; lastKnownFileType = folder.assetcatalog; path = Assets.xcassets; sourceTree = "<group>"; };
		BF9772C524F957DB008CD5F3 /* Preview Assets.xcassets */ = {isa = PBXFileReference; lastKnownFileType = folder.assetcatalog; path = "Preview Assets.xcassets"; sourceTree = "<group>"; };
		BF9772C724F957DB008CD5F3 /* Info.plist */ = {isa = PBXFileReference; lastKnownFileType = text.plist.xml; path = Info.plist; sourceTree = "<group>"; };
		BF9772CC24F957DC008CD5F3 /* KaleidoscopicGridTests.xctest */ = {isa = PBXFileReference; explicitFileType = wrapper.cfbundle; includeInIndex = 0; path = KaleidoscopicGridTests.xctest; sourceTree = BUILT_PRODUCTS_DIR; };
		BF9772D024F957DC008CD5F3 /* KaleidoscopicGridTests.swift */ = {isa = PBXFileReference; lastKnownFileType = sourcecode.swift; path = KaleidoscopicGridTests.swift; sourceTree = "<group>"; };
		BF9772D224F957DC008CD5F3 /* Info.plist */ = {isa = PBXFileReference; lastKnownFileType = text.plist.xml; path = Info.plist; sourceTree = "<group>"; };
		BF9772D724F957DC008CD5F3 /* KaleidoscopicGridUITests.xctest */ = {isa = PBXFileReference; explicitFileType = wrapper.cfbundle; includeInIndex = 0; path = KaleidoscopicGridUITests.xctest; sourceTree = BUILT_PRODUCTS_DIR; };
		BF9772DB24F957DC008CD5F3 /* KaleidoscopicGridUITests.swift */ = {isa = PBXFileReference; lastKnownFileType = sourcecode.swift; path = KaleidoscopicGridUITests.swift; sourceTree = "<group>"; };
		BF9772DD24F957DC008CD5F3 /* Info.plist */ = {isa = PBXFileReference; lastKnownFileType = text.plist.xml; path = Info.plist; sourceTree = "<group>"; };
		BF9772E924F95844008CD5F3 /* GridView.swift */ = {isa = PBXFileReference; lastKnownFileType = sourcecode.swift; path = GridView.swift; sourceTree = "<group>"; };
/* End PBXFileReference section */

/* Begin PBXFrameworksBuildPhase section */
		BF9772B824F957DA008CD5F3 /* Frameworks */ = {
			isa = PBXFrameworksBuildPhase;
			buildActionMask = 2147483647;
			files = (
			);
			runOnlyForDeploymentPostprocessing = 0;
		};
		BF9772C924F957DC008CD5F3 /* Frameworks */ = {
			isa = PBXFrameworksBuildPhase;
			buildActionMask = 2147483647;
			files = (
			);
			runOnlyForDeploymentPostprocessing = 0;
		};
		BF9772D424F957DC008CD5F3 /* Frameworks */ = {
			isa = PBXFrameworksBuildPhase;
			buildActionMask = 2147483647;
			files = (
			);
			runOnlyForDeploymentPostprocessing = 0;
		};
/* End PBXFrameworksBuildPhase section */

/* Begin PBXGroup section */
		BF9772B224F957DA008CD5F3 = {
			isa = PBXGroup;
			children = (
				BF9772BD24F957DA008CD5F3 /* KaleidoscopicGrid */,
				BF9772CF24F957DC008CD5F3 /* KaleidoscopicGridTests */,
				BF9772DA24F957DC008CD5F3 /* KaleidoscopicGridUITests */,
				BF9772BC24F957DA008CD5F3 /* Products */,
			);
			sourceTree = "<group>";
		};
		BF9772BC24F957DA008CD5F3 /* Products */ = {
			isa = PBXGroup;
			children = (
				BF9772BB24F957DA008CD5F3 /* KaleidoscopicGrid.app */,
				BF9772CC24F957DC008CD5F3 /* KaleidoscopicGridTests.xctest */,
				BF9772D724F957DC008CD5F3 /* KaleidoscopicGridUITests.xctest */,
			);
			name = Products;
			sourceTree = "<group>";
		};
		BF9772BD24F957DA008CD5F3 /* KaleidoscopicGrid */ = {
			isa = PBXGroup;
			children = (
				BF9772BE24F957DA008CD5F3 /* KaleidoscopicGridApp.swift */,
				BF9772E924F95844008CD5F3 /* GridView.swift */,
				BF91BE5924FAB00400F2896B /* Example.swift */,
				BF9772C224F957DB008CD5F3 /* Assets.xcassets */,
				BF9772C724F957DB008CD5F3 /* Info.plist */,
				BF9772C424F957DB008CD5F3 /* Preview Content */,
			);
			path = KaleidoscopicGrid;
			sourceTree = "<group>";
		};
		BF9772C424F957DB008CD5F3 /* Preview Content */ = {
			isa = PBXGroup;
			children = (
				BF9772C524F957DB008CD5F3 /* Preview Assets.xcassets */,
			);
			path = "Preview Content";
			sourceTree = "<group>";
		};
		BF9772CF24F957DC008CD5F3 /* KaleidoscopicGridTests */ = {
			isa = PBXGroup;
			children = (
				BF9772D024F957DC008CD5F3 /* KaleidoscopicGridTests.swift */,
				BF9772D224F957DC008CD5F3 /* Info.plist */,
			);
			path = KaleidoscopicGridTests;
			sourceTree = "<group>";
		};
		BF9772DA24F957DC008CD5F3 /* KaleidoscopicGridUITests */ = {
			isa = PBXGroup;
			children = (
				BF9772DB24F957DC008CD5F3 /* KaleidoscopicGridUITests.swift */,
				BF9772DD24F957DC008CD5F3 /* Info.plist */,
			);
			path = KaleidoscopicGridUITests;
			sourceTree = "<group>";
		};
/* End PBXGroup section */

/* Begin PBXNativeTarget section */
		BF9772BA24F957DA008CD5F3 /* KaleidoscopicGrid */ = {
			isa = PBXNativeTarget;
			buildConfigurationList = BF9772E024F957DC008CD5F3 /* Build configuration list for PBXNativeTarget "KaleidoscopicGrid" */;
			buildPhases = (
				BF9772B724F957DA008CD5F3 /* Sources */,
				BF9772B824F957DA008CD5F3 /* Frameworks */,
				BF9772B924F957DA008CD5F3 /* Resources */,
			);
			buildRules = (
			);
			dependencies = (
			);
			name = KaleidoscopicGrid;
			productName = KaleidoscopicGrid;
			productReference = BF9772BB24F957DA008CD5F3 /* KaleidoscopicGrid.app */;
			productType = "com.apple.product-type.application";
		};
		BF9772CB24F957DC008CD5F3 /* KaleidoscopicGridTests */ = {
			isa = PBXNativeTarget;
			buildConfigurationList = BF9772E324F957DC008CD5F3 /* Build configuration list for PBXNativeTarget "KaleidoscopicGridTests" */;
			buildPhases = (
				BF9772C824F957DC008CD5F3 /* Sources */,
				BF9772C924F957DC008CD5F3 /* Frameworks */,
				BF9772CA24F957DC008CD5F3 /* Resources */,
			);
			buildRules = (
			);
			dependencies = (
				BF9772CE24F957DC008CD5F3 /* PBXTargetDependency */,
			);
			name = KaleidoscopicGridTests;
			productName = KaleidoscopicGridTests;
			productReference = BF9772CC24F957DC008CD5F3 /* KaleidoscopicGridTests.xctest */;
			productType = "com.apple.product-type.bundle.unit-test";
		};
		BF9772D624F957DC008CD5F3 /* KaleidoscopicGridUITests */ = {
			isa = PBXNativeTarget;
			buildConfigurationList = BF9772E624F957DC008CD5F3 /* Build configuration list for PBXNativeTarget "KaleidoscopicGridUITests" */;
			buildPhases = (
				BF9772D324F957DC008CD5F3 /* Sources */,
				BF9772D424F957DC008CD5F3 /* Frameworks */,
				BF9772D524F957DC008CD5F3 /* Resources */,
			);
			buildRules = (
			);
			dependencies = (
				BF9772D924F957DC008CD5F3 /* PBXTargetDependency */,
			);
			name = KaleidoscopicGridUITests;
			productName = KaleidoscopicGridUITests;
			productReference = BF9772D724F957DC008CD5F3 /* KaleidoscopicGridUITests.xctest */;
			productType = "com.apple.product-type.bundle.ui-testing";
		};
/* End PBXNativeTarget section */

/* Begin PBXProject section */
		BF9772B324F957DA008CD5F3 /* Project object */ = {
			isa = PBXProject;
			attributes = {
				LastSwiftUpdateCheck = 1200;
				LastUpgradeCheck = 1200;
				TargetAttributes = {
					BF9772BA24F957DA008CD5F3 = {
						CreatedOnToolsVersion = 12.0;
					};
					BF9772CB24F957DC008CD5F3 = {
						CreatedOnToolsVersion = 12.0;
						TestTargetID = BF9772BA24F957DA008CD5F3;
					};
					BF9772D624F957DC008CD5F3 = {
						CreatedOnToolsVersion = 12.0;
						TestTargetID = BF9772BA24F957DA008CD5F3;
					};
				};
			};
			buildConfigurationList = BF9772B624F957DA008CD5F3 /* Build configuration list for PBXProject "KaleidoscopicGrid" */;
			compatibilityVersion = "Xcode 9.3";
			developmentRegion = en;
			hasScannedForEncodings = 0;
			knownRegions = (
				en,
				Base,
			);
			mainGroup = BF9772B224F957DA008CD5F3;
			productRefGroup = BF9772BC24F957DA008CD5F3 /* Products */;
			projectDirPath = "";
			projectRoot = "";
			targets = (
				BF9772BA24F957DA008CD5F3 /* KaleidoscopicGrid */,
				BF9772CB24F957DC008CD5F3 /* KaleidoscopicGridTests */,
				BF9772D624F957DC008CD5F3 /* KaleidoscopicGridUITests */,
			);
		};
/* End PBXProject section */

/* Begin PBXResourcesBuildPhase section */
		BF9772B924F957DA008CD5F3 /* Resources */ = {
			isa = PBXResourcesBuildPhase;
			buildActionMask = 2147483647;
			files = (
				BF9772C624F957DB008CD5F3 /* Preview Assets.xcassets in Resources */,
				BF9772C324F957DB008CD5F3 /* Assets.xcassets in Resources */,
			);
			runOnlyForDeploymentPostprocessing = 0;
		};
		BF9772CA24F957DC008CD5F3 /* Resources */ = {
			isa = PBXResourcesBuildPhase;
			buildActionMask = 2147483647;
			files = (
			);
			runOnlyForDeploymentPostprocessing = 0;
		};
		BF9772D524F957DC008CD5F3 /* Resources */ = {
			isa = PBXResourcesBuildPhase;
			buildActionMask = 2147483647;
			files = (
			);
			runOnlyForDeploymentPostprocessing = 0;
		};
/* End PBXResourcesBuildPhase section */

/* Begin PBXSourcesBuildPhase section */
		BF9772B724F957DA008CD5F3 /* Sources */ = {
			isa = PBXSourcesBuildPhase;
			buildActionMask = 2147483647;
			files = (
				BF91BE5A24FAB00400F2896B /* Example.swift in Sources */,
				BF9772BF24F957DA008CD5F3 /* KaleidoscopicGridApp.swift in Sources */,
				BF9772EA24F95844008CD5F3 /* GridView.swift in Sources */,
			);
			runOnlyForDeploymentPostprocessing = 0;
		};
		BF9772C824F957DC008CD5F3 /* Sources */ = {
			isa = PBXSourcesBuildPhase;
			buildActionMask = 2147483647;
			files = (
				BF9772D124F957DC008CD5F3 /* KaleidoscopicGridTests.swift in Sources */,
			);
			runOnlyForDeploymentPostprocessing = 0;
		};
		BF9772D324F957DC008CD5F3 /* Sources */ = {
			isa = PBXSourcesBuildPhase;
			buildActionMask = 2147483647;
			files = (
				BF9772DC24F957DC008CD5F3 /* KaleidoscopicGridUITests.swift in Sources */,
			);
			runOnlyForDeploymentPostprocessing = 0;
		};
/* End PBXSourcesBuildPhase section */

/* Begin PBXTargetDependency section */
		BF9772CE24F957DC008CD5F3 /* PBXTargetDependency */ = {
			isa = PBXTargetDependency;
			target = BF9772BA24F957DA008CD5F3 /* KaleidoscopicGrid */;
			targetProxy = BF9772CD24F957DC008CD5F3 /* PBXContainerItemProxy */;
		};
		BF9772D924F957DC008CD5F3 /* PBXTargetDependency */ = {
			isa = PBXTargetDependency;
			target = BF9772BA24F957DA008CD5F3 /* KaleidoscopicGrid */;
			targetProxy = BF9772D824F957DC008CD5F3 /* PBXContainerItemProxy */;
		};
/* End PBXTargetDependency section */

/* Begin XCBuildConfiguration section */
		BF9772DE24F957DC008CD5F3 /* Debug */ = {
			isa = XCBuildConfiguration;
			buildSettings = {
				ALWAYS_SEARCH_USER_PATHS = NO;
				CLANG_ANALYZER_NONNULL = YES;
				CLANG_ANALYZER_NUMBER_OBJECT_CONVERSION = YES_AGGRESSIVE;
				CLANG_CXX_LANGUAGE_STANDARD = "gnu++14";
				CLANG_CXX_LIBRARY = "libc++";
				CLANG_ENABLE_MODULES = YES;
				CLANG_ENABLE_OBJC_ARC = YES;
				CLANG_ENABLE_OBJC_WEAK = YES;
				CLANG_WARN_BLOCK_CAPTURE_AUTORELEASING = YES;
				CLANG_WARN_BOOL_CONVERSION = YES;
				CLANG_WARN_COMMA = YES;
				CLANG_WARN_CONSTANT_CONVERSION = YES;
				CLANG_WARN_DEPRECATED_OBJC_IMPLEMENTATIONS = YES;
				CLANG_WARN_DIRECT_OBJC_ISA_USAGE = YES_ERROR;
				CLANG_WARN_DOCUMENTATION_COMMENTS = YES;
				CLANG_WARN_EMPTY_BODY = YES;
				CLANG_WARN_ENUM_CONVERSION = YES;
				CLANG_WARN_INFINITE_RECURSION = YES;
				CLANG_WARN_INT_CONVERSION = YES;
				CLANG_WARN_NON_LITERAL_NULL_CONVERSION = YES;
				CLANG_WARN_OBJC_IMPLICIT_RETAIN_SELF = YES;
				CLANG_WARN_OBJC_LITERAL_CONVERSION = YES;
				CLANG_WARN_OBJC_ROOT_CLASS = YES_ERROR;
				CLANG_WARN_QUOTED_INCLUDE_IN_FRAMEWORK_HEADER = YES;
				CLANG_WARN_RANGE_LOOP_ANALYSIS = YES;
				CLANG_WARN_STRICT_PROTOTYPES = YES;
				CLANG_WARN_SUSPICIOUS_MOVE = YES;
				CLANG_WARN_UNGUARDED_AVAILABILITY = YES_AGGRESSIVE;
				CLANG_WARN_UNREACHABLE_CODE = YES;
				CLANG_WARN__DUPLICATE_METHOD_MATCH = YES;
				COPY_PHASE_STRIP = NO;
				DEBUG_INFORMATION_FORMAT = dwarf;
				ENABLE_STRICT_OBJC_MSGSEND = YES;
				ENABLE_TESTABILITY = YES;
				GCC_C_LANGUAGE_STANDARD = gnu11;
				GCC_DYNAMIC_NO_PIC = NO;
				GCC_NO_COMMON_BLOCKS = YES;
				GCC_OPTIMIZATION_LEVEL = 0;
				GCC_PREPROCESSOR_DEFINITIONS = (
					"DEBUG=1",
					"$(inherited)",
				);
				GCC_WARN_64_TO_32_BIT_CONVERSION = YES;
				GCC_WARN_ABOUT_RETURN_TYPE = YES_ERROR;
				GCC_WARN_UNDECLARED_SELECTOR = YES;
				GCC_WARN_UNINITIALIZED_AUTOS = YES_AGGRESSIVE;
				GCC_WARN_UNUSED_FUNCTION = YES;
				GCC_WARN_UNUSED_VARIABLE = YES;
				IPHONEOS_DEPLOYMENT_TARGET = 14.0;
				MTL_ENABLE_DEBUG_INFO = INCLUDE_SOURCE;
				MTL_FAST_MATH = YES;
				ONLY_ACTIVE_ARCH = YES;
				SDKROOT = iphoneos;
				SWIFT_ACTIVE_COMPILATION_CONDITIONS = DEBUG;
				SWIFT_OPTIMIZATION_LEVEL = "-Onone";
			};
			name = Debug;
		};
		BF9772DF24F957DC008CD5F3 /* Release */ = {
			isa = XCBuildConfiguration;
			buildSettings = {
				ALWAYS_SEARCH_USER_PATHS = NO;
				CLANG_ANALYZER_NONNULL = YES;
				CLANG_ANALYZER_NUMBER_OBJECT_CONVERSION = YES_AGGRESSIVE;
				CLANG_CXX_LANGUAGE_STANDARD = "gnu++14";
				CLANG_CXX_LIBRARY = "libc++";
				CLANG_ENABLE_MODULES = YES;
				CLANG_ENABLE_OBJC_ARC = YES;
				CLANG_ENABLE_OBJC_WEAK = YES;
				CLANG_WARN_BLOCK_CAPTURE_AUTORELEASING = YES;
				CLANG_WARN_BOOL_CONVERSION = YES;
				CLANG_WARN_COMMA = YES;
				CLANG_WARN_CONSTANT_CONVERSION = YES;
				CLANG_WARN_DEPRECATED_OBJC_IMPLEMENTATIONS = YES;
				CLANG_WARN_DIRECT_OBJC_ISA_USAGE = YES_ERROR;
				CLANG_WARN_DOCUMENTATION_COMMENTS = YES;
				CLANG_WARN_EMPTY_BODY = YES;
				CLANG_WARN_ENUM_CONVERSION = YES;
				CLANG_WARN_INFINITE_RECURSION = YES;
				CLANG_WARN_INT_CONVERSION = YES;
				CLANG_WARN_NON_LITERAL_NULL_CONVERSION = YES;
				CLANG_WARN_OBJC_IMPLICIT_RETAIN_SELF = YES;
				CLANG_WARN_OBJC_LITERAL_CONVERSION = YES;
				CLANG_WARN_OBJC_ROOT_CLASS = YES_ERROR;
				CLANG_WARN_QUOTED_INCLUDE_IN_FRAMEWORK_HEADER = YES;
				CLANG_WARN_RANGE_LOOP_ANALYSIS = YES;
				CLANG_WARN_STRICT_PROTOTYPES = YES;
				CLANG_WARN_SUSPICIOUS_MOVE = YES;
				CLANG_WARN_UNGUARDED_AVAILABILITY = YES_AGGRESSIVE;
				CLANG_WARN_UNREACHABLE_CODE = YES;
				CLANG_WARN__DUPLICATE_METHOD_MATCH = YES;
				COPY_PHASE_STRIP = NO;
				DEBUG_INFORMATION_FORMAT = "dwarf-with-dsym";
				ENABLE_NS_ASSERTIONS = NO;
				ENABLE_STRICT_OBJC_MSGSEND = YES;
				GCC_C_LANGUAGE_STANDARD = gnu11;
				GCC_NO_COMMON_BLOCKS = YES;
				GCC_WARN_64_TO_32_BIT_CONVERSION = YES;
				GCC_WARN_ABOUT_RETURN_TYPE = YES_ERROR;
				GCC_WARN_UNDECLARED_SELECTOR = YES;
				GCC_WARN_UNINITIALIZED_AUTOS = YES_AGGRESSIVE;
				GCC_WARN_UNUSED_FUNCTION = YES;
				GCC_WARN_UNUSED_VARIABLE = YES;
				IPHONEOS_DEPLOYMENT_TARGET = 14.0;
				MTL_ENABLE_DEBUG_INFO = NO;
				MTL_FAST_MATH = YES;
				SDKROOT = iphoneos;
				SWIFT_COMPILATION_MODE = wholemodule;
				SWIFT_OPTIMIZATION_LEVEL = "-O";
				VALIDATE_PRODUCT = YES;
			};
			name = Release;
		};
		BF9772E124F957DC008CD5F3 /* Debug */ = {
			isa = XCBuildConfiguration;
			buildSettings = {
				ASSETCATALOG_COMPILER_APPICON_NAME = AppIcon;
				ASSETCATALOG_COMPILER_GLOBAL_ACCENT_COLOR_NAME = AccentColor;
				CODE_SIGN_STYLE = Automatic;
				DEVELOPMENT_ASSET_PATHS = "\"KaleidoscopicGrid/Preview Content\"";
				ENABLE_PREVIEWS = YES;
				INFOPLIST_FILE = KaleidoscopicGrid/Info.plist;
				IPHONEOS_DEPLOYMENT_TARGET = 14.0;
				LD_RUNPATH_SEARCH_PATHS = (
					"$(inherited)",
					"@executable_path/Frameworks",
				);
				PRODUCT_BUNDLE_IDENTIFIER = IanDx.KaleidoscopicGrid;
				PRODUCT_NAME = "$(TARGET_NAME)";
				SWIFT_VERSION = 5.0;
				TARGETED_DEVICE_FAMILY = "1,2";
			};
			name = Debug;
		};
		BF9772E224F957DC008CD5F3 /* Release */ = {
			isa = XCBuildConfiguration;
			buildSettings = {
				ASSETCATALOG_COMPILER_APPICON_NAME = AppIcon;
				ASSETCATALOG_COMPILER_GLOBAL_ACCENT_COLOR_NAME = AccentColor;
				CODE_SIGN_STYLE = Automatic;
				DEVELOPMENT_ASSET_PATHS = "\"KaleidoscopicGrid/Preview Content\"";
				ENABLE_PREVIEWS = YES;
				INFOPLIST_FILE = KaleidoscopicGrid/Info.plist;
				IPHONEOS_DEPLOYMENT_TARGET = 14.0;
				LD_RUNPATH_SEARCH_PATHS = (
					"$(inherited)",
					"@executable_path/Frameworks",
				);
				PRODUCT_BUNDLE_IDENTIFIER = IanDx.KaleidoscopicGrid;
				PRODUCT_NAME = "$(TARGET_NAME)";
				SWIFT_VERSION = 5.0;
				TARGETED_DEVICE_FAMILY = "1,2";
			};
			name = Release;
		};
		BF9772E424F957DC008CD5F3 /* Debug */ = {
			isa = XCBuildConfiguration;
			buildSettings = {
				ALWAYS_EMBED_SWIFT_STANDARD_LIBRARIES = YES;
				BUNDLE_LOADER = "$(TEST_HOST)";
				CODE_SIGN_STYLE = Automatic;
				INFOPLIST_FILE = KaleidoscopicGridTests/Info.plist;
				IPHONEOS_DEPLOYMENT_TARGET = 14.0;
				LD_RUNPATH_SEARCH_PATHS = (
					"$(inherited)",
					"@executable_path/Frameworks",
					"@loader_path/Frameworks",
				);
				PRODUCT_BUNDLE_IDENTIFIER = IanDx.KaleidoscopicGridTests;
				PRODUCT_NAME = "$(TARGET_NAME)";
				SWIFT_VERSION = 5.0;
				TARGETED_DEVICE_FAMILY = "1,2";
				TEST_HOST = "$(BUILT_PRODUCTS_DIR)/KaleidoscopicGrid.app/KaleidoscopicGrid";
			};
			name = Debug;
		};
		BF9772E524F957DC008CD5F3 /* Release */ = {
			isa = XCBuildConfiguration;
			buildSettings = {
				ALWAYS_EMBED_SWIFT_STANDARD_LIBRARIES = YES;
				BUNDLE_LOADER = "$(TEST_HOST)";
				CODE_SIGN_STYLE = Automatic;
				INFOPLIST_FILE = KaleidoscopicGridTests/Info.plist;
				IPHONEOS_DEPLOYMENT_TARGET = 14.0;
				LD_RUNPATH_SEARCH_PATHS = (
					"$(inherited)",
					"@executable_path/Frameworks",
					"@loader_path/Frameworks",
				);
				PRODUCT_BUNDLE_IDENTIFIER = IanDx.KaleidoscopicGridTests;
				PRODUCT_NAME = "$(TARGET_NAME)";
				SWIFT_VERSION = 5.0;
				TARGETED_DEVICE_FAMILY = "1,2";
				TEST_HOST = "$(BUILT_PRODUCTS_DIR)/KaleidoscopicGrid.app/KaleidoscopicGrid";
			};
			name = Release;
		};
		BF9772E724F957DC008CD5F3 /* Debug */ = {
			isa = XCBuildConfiguration;
			buildSettings = {
				ALWAYS_EMBED_SWIFT_STANDARD_LIBRARIES = YES;
				CODE_SIGN_STYLE = Automatic;
				INFOPLIST_FILE = KaleidoscopicGridUITests/Info.plist;
				LD_RUNPATH_SEARCH_PATHS = (
					"$(inherited)",
					"@executable_path/Frameworks",
					"@loader_path/Frameworks",
				);
				PRODUCT_BUNDLE_IDENTIFIER = IanDx.KaleidoscopicGridUITests;
				PRODUCT_NAME = "$(TARGET_NAME)";
				SWIFT_VERSION = 5.0;
				TARGETED_DEVICE_FAMILY = "1,2";
				TEST_TARGET_NAME = KaleidoscopicGrid;
			};
			name = Debug;
		};
		BF9772E824F957DC008CD5F3 /* Release */ = {
			isa = XCBuildConfiguration;
			buildSettings = {
				ALWAYS_EMBED_SWIFT_STANDARD_LIBRARIES = YES;
				CODE_SIGN_STYLE = Automatic;
				INFOPLIST_FILE = KaleidoscopicGridUITests/Info.plist;
				LD_RUNPATH_SEARCH_PATHS = (
					"$(inherited)",
					"@executable_path/Frameworks",
					"@loader_path/Frameworks",
				);
				PRODUCT_BUNDLE_IDENTIFIER = IanDx.KaleidoscopicGridUITests;
				PRODUCT_NAME = "$(TARGET_NAME)";
				SWIFT_VERSION = 5.0;
				TARGETED_DEVICE_FAMILY = "1,2";
				TEST_TARGET_NAME = KaleidoscopicGrid;
			};
			name = Release;
		};
/* End XCBuildConfiguration section */

/* Begin XCConfigurationList section */
		BF9772B624F957DA008CD5F3 /* Build configuration list for PBXProject "KaleidoscopicGrid" */ = {
			isa = XCConfigurationList;
			buildConfigurations = (
				BF9772DE24F957DC008CD5F3 /* Debug */,
				BF9772DF24F957DC008CD5F3 /* Release */,
			);
			defaultConfigurationIsVisible = 0;
			defaultConfigurationName = Release;
		};
		BF9772E024F957DC008CD5F3 /* Build configuration list for PBXNativeTarget "KaleidoscopicGrid" */ = {
			isa = XCConfigurationList;
			buildConfigurations = (
				BF9772E124F957DC008CD5F3 /* Debug */,
				BF9772E224F957DC008CD5F3 /* Release */,
			);
			defaultConfigurationIsVisible = 0;
			defaultConfigurationName = Release;
		};
		BF9772E324F957DC008CD5F3 /* Build configuration list for PBXNativeTarget "KaleidoscopicGridTests" */ = {
			isa = XCConfigurationList;
			buildConfigurations = (
				BF9772E424F957DC008CD5F3 /* Debug */,
				BF9772E524F957DC008CD5F3 /* Release */,
			);
			defaultConfigurationIsVisible = 0;
			defaultConfigurationName = Release;
		};
		BF9772E624F957DC008CD5F3 /* Build configuration list for PBXNativeTarget "KaleidoscopicGridUITests" */ = {
			isa = XCConfigurationList;
			buildConfigurations = (
				BF9772E724F957DC008CD5F3 /* Debug */,
				BF9772E824F957DC008CD5F3 /* Release */,
			);
			defaultConfigurationIsVisible = 0;
			defaultConfigurationName = Release;
		};
/* End XCConfigurationList section */
	};
	rootObject = BF9772B324F957DA008CD5F3 /* Project object */;
}
